
Microsoft Visual Studio Solution File, Format Version 12.00
# Visual Studio Version 17
VisualStudioVersion = 17.1.32210.238
MinimumVisualStudioVersion = 10.0.40219.1
Project("{9A19103F-16F7-4668-BE54-9A1E7A4F7556}") = "LinkBakery.Web.Redirect", "LinkBakery.Web.Redirect\LinkBakery.Web.Redirect.csproj", "{FE078DCB-8FA2-4D6D-8A0E-7809A5B2D585}"
EndProject
Project("{2150E333-8FDC-42A3-9474-1A3956D46DE8}") = "Solution Items", "Solution Items", "{A7E84CC6-1B76-4B83-BCC3-B81B52101FD5}"
	ProjectSection(SolutionItems) = preProject
		.editorconfig = .editorconfig
	EndProjectSection
EndProject
Project("{9A19103F-16F7-4668-BE54-9A1E7A4F7556}") = "LinkBakery.Web.Cms", "LinkBakery.Web.Cms\LinkBakery.Web.Cms.csproj", "{16EBFB1B-AE39-43B6-B009-AE03CB36C765}"
EndProject
Project("{2150E333-8FDC-42A3-9474-1A3956D46DE8}") = "Core", "Core", "{F4D1D8BA-B836-4C7F-B199-BD17BBCE59EA}"
EndProject
Project("{2150E333-8FDC-42A3-9474-1A3956D46DE8}") = "Infrastructure", "Infrastructure", "{D295E083-8EBE-4A55-995E-790B5885B87A}"
EndProject
Project("{2150E333-8FDC-42A3-9474-1A3956D46DE8}") = "Web", "Web", "{E8D60DEA-DC91-48EB-9BE4-5EDECE3296FC}"
EndProject
Project("{2150E333-8FDC-42A3-9474-1A3956D46DE8}") = "API", "API", "{01D3A78F-3CAF-4D6F-9DE4-D9FAA34383AF}"
EndProject
Project("{9A19103F-16F7-4668-BE54-9A1E7A4F7556}") = "LinkBakery.Domain", "LinkBakery.Domain\LinkBakery.Domain.csproj", "{B3379A35-76DC-45DC-AEE9-CAA7A8C521EF}"
EndProject
Project("{9A19103F-16F7-4668-BE54-9A1E7A4F7556}") = "LinkBakery.Application", "LinkBakery.Application\LinkBakery.Application.csproj", "{93300C9F-FFF0-45DE-BB99-490A61D20980}"
EndProject
Project("{9A19103F-16F7-4668-BE54-9A1E7A4F7556}") = "LinkBakery.Persistence", "LinkBakery.Persistence\LinkBakery.Persistence.csproj", "{7CEAC430-B0B5-4E85-89E2-C2D93F8BC875}"
EndProject
Project("{2150E333-8FDC-42A3-9474-1A3956D46DE8}") = "src", "src", "{913DE214-2819-4112-B0BF-C8807031D578}"
EndProject
Global
	GlobalSection(SolutionConfigurationPlatforms) = preSolution
		Debug|Any CPU = Debug|Any CPU
		Release|Any CPU = Release|Any CPU
	EndGlobalSection
	GlobalSection(ProjectConfigurationPlatforms) = postSolution
		{FE078DCB-8FA2-4D6D-8A0E-7809A5B2D585}.Debug|Any CPU.ActiveCfg = Debug|Any CPU
		{FE078DCB-8FA2-4D6D-8A0E-7809A5B2D585}.Debug|Any CPU.Build.0 = Debug|Any CPU
		{FE078DCB-8FA2-4D6D-8A0E-7809A5B2D585}.Release|Any CPU.ActiveCfg = Release|Any CPU
		{FE078DCB-8FA2-4D6D-8A0E-7809A5B2D585}.Release|Any CPU.Build.0 = Release|Any CPU
		{16EBFB1B-AE39-43B6-B009-AE03CB36C765}.Debug|Any CPU.ActiveCfg = Debug|Any CPU
		{16EBFB1B-AE39-43B6-B009-AE03CB36C765}.Debug|Any CPU.Build.0 = Debug|Any CPU
		{16EBFB1B-AE39-43B6-B009-AE03CB36C765}.Release|Any CPU.ActiveCfg = Release|Any CPU
		{16EBFB1B-AE39-43B6-B009-AE03CB36C765}.Release|Any CPU.Build.0 = Release|Any CPU
		{B3379A35-76DC-45DC-AEE9-CAA7A8C521EF}.Debug|Any CPU.ActiveCfg = Debug|Any CPU
		{B3379A35-76DC-45DC-AEE9-CAA7A8C521EF}.Debug|Any CPU.Build.0 = Debug|Any CPU
		{B3379A35-76DC-45DC-AEE9-CAA7A8C521EF}.Release|Any CPU.ActiveCfg = Release|Any CPU
		{B3379A35-76DC-45DC-AEE9-CAA7A8C521EF}.Release|Any CPU.Build.0 = Release|Any CPU
		{93300C9F-FFF0-45DE-BB99-490A61D20980}.Debug|Any CPU.ActiveCfg = Debug|Any CPU
		{93300C9F-FFF0-45DE-BB99-490A61D20980}.Debug|Any CPU.Build.0 = Debug|Any CPU
		{93300C9F-FFF0-45DE-BB99-490A61D20980}.Release|Any CPU.ActiveCfg = Release|Any CPU
		{93300C9F-FFF0-45DE-BB99-490A61D20980}.Release|Any CPU.Build.0 = Release|Any CPU
		{7CEAC430-B0B5-4E85-89E2-C2D93F8BC875}.Debug|Any CPU.ActiveCfg = Debug|Any CPU
		{7CEAC430-B0B5-4E85-89E2-C2D93F8BC875}.Debug|Any CPU.Build.0 = Debug|Any CPU
		{7CEAC430-B0B5-4E85-89E2-C2D93F8BC875}.Release|Any CPU.ActiveCfg = Release|Any CPU
		{7CEAC430-B0B5-4E85-89E2-C2D93F8BC875}.Release|Any CPU.Build.0 = Release|Any CPU
	EndGlobalSection
	GlobalSection(SolutionProperties) = preSolution
		HideSolutionNode = FALSE
	EndGlobalSection
	GlobalSection(NestedProjects) = preSolution
		{FE078DCB-8FA2-4D6D-8A0E-7809A5B2D585} = {E8D60DEA-DC91-48EB-9BE4-5EDECE3296FC}
		{16EBFB1B-AE39-43B6-B009-AE03CB36C765} = {E8D60DEA-DC91-48EB-9BE4-5EDECE3296FC}
		{F4D1D8BA-B836-4C7F-B199-BD17BBCE59EA} = {913DE214-2819-4112-B0BF-C8807031D578}
		{D295E083-8EBE-4A55-995E-790B5885B87A} = {913DE214-2819-4112-B0BF-C8807031D578}
		{E8D60DEA-DC91-48EB-9BE4-5EDECE3296FC} = {913DE214-2819-4112-B0BF-C8807031D578}
		{01D3A78F-3CAF-4D6F-9DE4-D9FAA34383AF} = {913DE214-2819-4112-B0BF-C8807031D578}
		{B3379A35-76DC-45DC-AEE9-CAA7A8C521EF} = {F4D1D8BA-B836-4C7F-B199-BD17BBCE59EA}
		{93300C9F-FFF0-45DE-BB99-490A61D20980} = {F4D1D8BA-B836-4C7F-B199-BD17BBCE59EA}
		{7CEAC430-B0B5-4E85-89E2-C2D93F8BC875} = {D295E083-8EBE-4A55-995E-790B5885B87A}
	EndGlobalSection
	GlobalSection(ExtensibilityGlobals) = postSolution
		SolutionGuid = {8E189859-EA7A-449C-B5FD-E20E4EB02FEC}
	EndGlobalSection
EndGlobal
